
Microsoft Visual Studio Solution File, Format Version 12.00
# Visual Studio Version 16
VisualStudioVersion = 16.0.29905.134
MinimumVisualStudioVersion = 10.0.40219.1
Project("{9A19103F-16F7-4668-BE54-9A1E7A4F7556}") = "ReindexerNet.Embedded", "src\ReindexerNet.Embedded\ReindexerNet.Embedded.csproj", "{5FCCC8F0-C781-4930-AB9A-E61CAD042BF8}"
EndProject
Project("{9A19103F-16F7-4668-BE54-9A1E7A4F7556}") = "ReindexerNet.EmbeddedTest", "Tests\ReindexerNet.EmbeddedTest\ReindexerNet.EmbeddedTest.csproj", "{FC84FB4C-D514-418F-B724-9B9FFEE783B6}"
EndProject
Project("{2150E333-8FDC-42A3-9474-1A3956D46DE8}") = "Tests", "Tests", "{35748DFB-8C8D-495E-A269-47D39734293C}"
EndProject
Project("{9A19103F-16F7-4668-BE54-9A1E7A4F7556}") = "ReindexerNet.Core", "src\ReindexerNet.Core\ReindexerNet.Core.csproj", "{BB7610B2-F3F0-45F0-9FE2-A0CAD7DB3E2C}"
EndProject
Project("{2150E333-8FDC-42A3-9474-1A3956D46DE8}") = "Solution Items", "Solution Items", "{F69AC575-84FF-44F7-9BD7-0FCAD8A6D722}"
	ProjectSection(SolutionItems) = preProject
		.github\workflows\build.yml = .github\workflows\build.yml
		.github\workflows\linux-test.yml = .github\workflows\linux-test.yml
		.github\workflows\osx-test.yml = .github\workflows\osx-test.yml
		.github\workflows\windows-test.yml = .github\workflows\windows-test.yml
	EndProjectSection
EndProject
Global
	GlobalSection(SolutionConfigurationPlatforms) = preSolution
		Debug|Any CPU = Debug|Any CPU
		Debug|x64 = Debug|x64
		Debug|x86 = Debug|x86
		Release|Any CPU = Release|Any CPU
		Release|x64 = Release|x64
		Release|x86 = Release|x86
	EndGlobalSection
	GlobalSection(ProjectConfigurationPlatforms) = postSolution
		{5FCCC8F0-C781-4930-AB9A-E61CAD042BF8}.Debug|Any CPU.ActiveCfg = Debug|Any CPU
		{5FCCC8F0-C781-4930-AB9A-E61CAD042BF8}.Debug|Any CPU.Build.0 = Debug|Any CPU
		{5FCCC8F0-C781-4930-AB9A-E61CAD042BF8}.Debug|x64.ActiveCfg = Debug|Any CPU
		{5FCCC8F0-C781-4930-AB9A-E61CAD042BF8}.Debug|x64.Build.0 = Debug|Any CPU
		{5FCCC8F0-C781-4930-AB9A-E61CAD042BF8}.Debug|x86.ActiveCfg = Debug|Any CPU
		{5FCCC8F0-C781-4930-AB9A-E61CAD042BF8}.Debug|x86.Build.0 = Debug|Any CPU
		{5FCCC8F0-C781-4930-AB9A-E61CAD042BF8}.Release|Any CPU.ActiveCfg = Release|Any CPU
		{5FCCC8F0-C781-4930-AB9A-E61CAD042BF8}.Release|Any CPU.Build.0 = Release|Any CPU
		{5FCCC8F0-C781-4930-AB9A-E61CAD042BF8}.Release|x64.ActiveCfg = Release|Any CPU
		{5FCCC8F0-C781-4930-AB9A-E61CAD042BF8}.Release|x64.Build.0 = Release|Any CPU
		{5FCCC8F0-C781-4930-AB9A-E61CAD042BF8}.Release|x86.ActiveCfg = Release|Any CPU
		{5FCCC8F0-C781-4930-AB9A-E61CAD042BF8}.Release|x86.Build.0 = Release|Any CPU
		{FC84FB4C-D514-418F-B724-9B9FFEE783B6}.Debug|Any CPU.ActiveCfg = Debug|Any CPU
		{FC84FB4C-D514-418F-B724-9B9FFEE783B6}.Debug|Any CPU.Build.0 = Debug|Any CPU
		{FC84FB4C-D514-418F-B724-9B9FFEE783B6}.Debug|x64.ActiveCfg = Debug|Any CPU
		{FC84FB4C-D514-418F-B724-9B9FFEE783B6}.Debug|x64.Build.0 = Debug|Any CPU
		{FC84FB4C-D514-418F-B724-9B9FFEE783B6}.Debug|x86.ActiveCfg = Debug|Any CPU
		{FC84FB4C-D514-418F-B724-9B9FFEE783B6}.Debug|x86.Build.0 = Debug|Any CPU
		{FC84FB4C-D514-418F-B724-9B9FFEE783B6}.Release|Any CPU.ActiveCfg = Release|Any CPU
		{FC84FB4C-D514-418F-B724-9B9FFEE783B6}.Release|Any CPU.Build.0 = Release|Any CPU
		{FC84FB4C-D514-418F-B724-9B9FFEE783B6}.Release|x64.ActiveCfg = Release|Any CPU
		{FC84FB4C-D514-418F-B724-9B9FFEE783B6}.Release|x64.Build.0 = Release|Any CPU
		{FC84FB4C-D514-418F-B724-9B9FFEE783B6}.Release|x86.ActiveCfg = Release|Any CPU
		{FC84FB4C-D514-418F-B724-9B9FFEE783B6}.Release|x86.Build.0 = Release|Any CPU
		{BB7610B2-F3F0-45F0-9FE2-A0CAD7DB3E2C}.Debug|Any CPU.ActiveCfg = Debug|Any CPU
		{BB7610B2-F3F0-45F0-9FE2-A0CAD7DB3E2C}.Debug|Any CPU.Build.0 = Debug|Any CPU
		{BB7610B2-F3F0-45F0-9FE2-A0CAD7DB3E2C}.Debug|x64.ActiveCfg = Debug|Any CPU
		{BB7610B2-F3F0-45F0-9FE2-A0CAD7DB3E2C}.Debug|x64.Build.0 = Debug|Any CPU
		{BB7610B2-F3F0-45F0-9FE2-A0CAD7DB3E2C}.Debug|x86.ActiveCfg = Debug|Any CPU
		{BB7610B2-F3F0-45F0-9FE2-A0CAD7DB3E2C}.Debug|x86.Build.0 = Debug|Any CPU
		{BB7610B2-F3F0-45F0-9FE2-A0CAD7DB3E2C}.Release|Any CPU.ActiveCfg = Release|Any CPU
		{BB7610B2-F3F0-45F0-9FE2-A0CAD7DB3E2C}.Release|Any CPU.Build.0 = Release|Any CPU
		{BB7610B2-F3F0-45F0-9FE2-A0CAD7DB3E2C}.Release|x64.ActiveCfg = Release|Any CPU
		{BB7610B2-F3F0-45F0-9FE2-A0CAD7DB3E2C}.Release|x64.Build.0 = Release|Any CPU
		{BB7610B2-F3F0-45F0-9FE2-A0CAD7DB3E2C}.Release|x86.ActiveCfg = Release|Any CPU
		{BB7610B2-F3F0-45F0-9FE2-A0CAD7DB3E2C}.Release|x86.Build.0 = Release|Any CPU
	EndGlobalSection
	GlobalSection(SolutionProperties) = preSolution
		HideSolutionNode = FALSE
	EndGlobalSection
	GlobalSection(NestedProjects) = preSolution
		{FC84FB4C-D514-418F-B724-9B9FFEE783B6} = {35748DFB-8C8D-495E-A269-47D39734293C}
	EndGlobalSection
	GlobalSection(ExtensibilityGlobals) = postSolution
		SolutionGuid = {13C12A53-3841-44FA-9B26-F38C5DF90B08}
	EndGlobalSection
EndGlobal
